{
    "_meta": {
        "hash": {
            "sha256": "d0d5f3399d21c654b1ca00fcba3d152b79f1fa19137b017374b5ddb338d07fbd"
        },
        "pipfile-spec": 6,
        "requires": {
            "python_version": "3.8"
        },
        "sources": [
            {
                "name": "pypi",
                "url": "https://pypi.org/simple",
                "verify_ssl": true
            }
        ]
    },
    "default": {
        "filetype": {
            "hashes": [
                "sha256:353369948bb1c09b8b3ea3d78390b5586e9399bff9aab894a1dff954e31a66f6",
                "sha256:da393ece8d98b47edf2dd5a85a2c8733e44b769e32c71af4cd96ed8d38d96aa7"
            ],
            "index": "pypi",
            "version": "==1.0.7"
        }
    },
    "develop": {}
}
